
Microsoft Visual Studio Solution File, Format Version 12.00
# Blend for Visual Studio 15
VisualStudioVersion = 15.0.27703.2026
MinimumVisualStudioVersion = 10.0.40219.1
Project("{FAE04EC0-301F-11D3-BF4B-00C04F79EFBC}") = "ECCApp.Android", "ECCApp\ECCApp.Android\ECCApp.Android.csproj", "{CDDE0F3A-D385-40F1-81A1-CF3FE1B878C7}"
EndProject
Project("{FAE04EC0-301F-11D3-BF4B-00C04F79EFBC}") = "ECCApp.iOS", "ECCApp\ECCApp.iOS\ECCApp.iOS.csproj", "{8405734A-1954-4414-9C4E-7A3DF80FB4C6}"
EndProject
Project("{FAE04EC0-301F-11D3-BF4B-00C04F79EFBC}") = "ECCApp.UWP", "ECCApp\ECCApp.UWP\ECCApp.UWP.csproj", "{C8422599-CDB8-4E74-87F4-94FD526B51CD}"
EndProject
Project("{FAE04EC0-301F-11D3-BF4B-00C04F79EFBC}") = "ECCApp", "ECCApp\ECCApp\ECCApp.csproj", "{D7B901E7-9A59-4D0B-8FFF-CD3BB9174488}"
EndProject
Global
	GlobalSection(SolutionConfigurationPlatforms) = preSolution
		Debug|Any CPU = Debug|Any CPU
		Debug|ARM = Debug|ARM
		Debug|iPhone = Debug|iPhone
		Debug|iPhoneSimulator = Debug|iPhoneSimulator
		Debug|x64 = Debug|x64
		Debug|x86 = Debug|x86
		Release|Any CPU = Release|Any CPU
		Release|ARM = Release|ARM
		Release|iPhone = Release|iPhone
		Release|iPhoneSimulator = Release|iPhoneSimulator
		Release|x64 = Release|x64
		Release|x86 = Release|x86
	EndGlobalSection
	GlobalSection(ProjectConfigurationPlatforms) = postSolution
		{CDDE0F3A-D385-40F1-81A1-CF3FE1B878C7}.Debug|Any CPU.ActiveCfg = Debug|Any CPU
		{CDDE0F3A-D385-40F1-81A1-CF3FE1B878C7}.Debug|Any CPU.Build.0 = Debug|Any CPU
		{CDDE0F3A-D385-40F1-81A1-CF3FE1B878C7}.Debug|Any CPU.Deploy.0 = Debug|Any CPU
		{CDDE0F3A-D385-40F1-81A1-CF3FE1B878C7}.Debug|ARM.ActiveCfg = Debug|Any CPU
		{CDDE0F3A-D385-40F1-81A1-CF3FE1B878C7}.Debug|ARM.Build.0 = Debug|Any CPU
		{CDDE0F3A-D385-40F1-81A1-CF3FE1B878C7}.Debug|ARM.Deploy.0 = Debug|Any CPU
		{CDDE0F3A-D385-40F1-81A1-CF3FE1B878C7}.Debug|iPhone.ActiveCfg = Debug|Any CPU
		{CDDE0F3A-D385-40F1-81A1-CF3FE1B878C7}.Debug|iPhone.Build.0 = Debug|Any CPU
		{CDDE0F3A-D385-40F1-81A1-CF3FE1B878C7}.Debug|iPhone.Deploy.0 = Debug|Any CPU
		{CDDE0F3A-D385-40F1-81A1-CF3FE1B878C7}.Debug|iPhoneSimulator.ActiveCfg = Debug|Any CPU
		{CDDE0F3A-D385-40F1-81A1-CF3FE1B878C7}.Debug|iPhoneSimulator.Build.0 = Debug|Any CPU
		{CDDE0F3A-D385-40F1-81A1-CF3FE1B878C7}.Debug|iPhoneSimulator.Deploy.0 = Debug|Any CPU
		{CDDE0F3A-D385-40F1-81A1-CF3FE1B878C7}.Debug|x64.ActiveCfg = Debug|Any CPU
		{CDDE0F3A-D385-40F1-81A1-CF3FE1B878C7}.Debug|x64.Build.0 = Debug|Any CPU
		{CDDE0F3A-D385-40F1-81A1-CF3FE1B878C7}.Debug|x64.Deploy.0 = Debug|Any CPU
		{CDDE0F3A-D385-40F1-81A1-CF3FE1B878C7}.Debug|x86.ActiveCfg = Debug|Any CPU
		{CDDE0F3A-D385-40F1-81A1-CF3FE1B878C7}.Debug|x86.Build.0 = Debug|Any CPU
		{CDDE0F3A-D385-40F1-81A1-CF3FE1B878C7}.Debug|x86.Deploy.0 = Debug|Any CPU
		{CDDE0F3A-D385-40F1-81A1-CF3FE1B878C7}.Release|Any CPU.ActiveCfg = Release|Any CPU
		{CDDE0F3A-D385-40F1-81A1-CF3FE1B878C7}.Release|Any CPU.Build.0 = Release|Any CPU
		{CDDE0F3A-D385-40F1-81A1-CF3FE1B878C7}.Release|Any CPU.Deploy.0 = Release|Any CPU
		{CDDE0F3A-D385-40F1-81A1-CF3FE1B878C7}.Release|ARM.ActiveCfg = Release|Any CPU
		{CDDE0F3A-D385-40F1-81A1-CF3FE1B878C7}.Release|ARM.Build.0 = Release|Any CPU
		{CDDE0F3A-D385-40F1-81A1-CF3FE1B878C7}.Release|ARM.Deploy.0 = Release|Any CPU
		{CDDE0F3A-D385-40F1-81A1-CF3FE1B878C7}.Release|iPhone.ActiveCfg = Release|Any CPU
		{CDDE0F3A-D385-40F1-81A1-CF3FE1B878C7}.Release|iPhone.Build.0 = Release|Any CPU
		{CDDE0F3A-D385-40F1-81A1-CF3FE1B878C7}.Release|iPhone.Deploy.0 = Release|Any CPU
		{CDDE0F3A-D385-40F1-81A1-CF3FE1B878C7}.Release|iPhoneSimulator.ActiveCfg = Release|Any CPU
		{CDDE0F3A-D385-40F1-81A1-CF3FE1B878C7}.Release|iPhoneSimulator.Build.0 = Release|Any CPU
		{CDDE0F3A-D385-40F1-81A1-CF3FE1B878C7}.Release|iPhoneSimulator.Deploy.0 = Release|Any CPU
		{CDDE0F3A-D385-40F1-81A1-CF3FE1B878C7}.Release|x64.ActiveCfg = Release|Any CPU
		{CDDE0F3A-D385-40F1-81A1-CF3FE1B878C7}.Release|x64.Build.0 = Release|Any CPU
		{CDDE0F3A-D385-40F1-81A1-CF3FE1B878C7}.Release|x64.Deploy.0 = Release|Any CPU
		{CDDE0F3A-D385-40F1-81A1-CF3FE1B878C7}.Release|x86.ActiveCfg = Release|Any CPU
		{CDDE0F3A-D385-40F1-81A1-CF3FE1B878C7}.Release|x86.Build.0 = Release|Any CPU
		{CDDE0F3A-D385-40F1-81A1-CF3FE1B878C7}.Release|x86.Deploy.0 = Release|Any CPU
		{8405734A-1954-4414-9C4E-7A3DF80FB4C6}.Debug|Any CPU.ActiveCfg = Debug|iPhoneSimulator
		{8405734A-1954-4414-9C4E-7A3DF80FB4C6}.Debug|Any CPU.Build.0 = Debug|iPhoneSimulator
		{8405734A-1954-4414-9C4E-7A3DF80FB4C6}.Debug|Any CPU.Deploy.0 = Debug|iPhoneSimulator
		{8405734A-1954-4414-9C4E-7A3DF80FB4C6}.Debug|ARM.ActiveCfg = Debug|iPhone
		{8405734A-1954-4414-9C4E-7A3DF80FB4C6}.Debug|ARM.Build.0 = Debug|iPhone
		{8405734A-1954-4414-9C4E-7A3DF80FB4C6}.Debug|ARM.Deploy.0 = Debug|iPhone
		{8405734A-1954-4414-9C4E-7A3DF80FB4C6}.Debug|iPhone.ActiveCfg = Debug|iPhone
		{8405734A-1954-4414-9C4E-7A3DF80FB4C6}.Debug|iPhone.Build.0 = Debug|iPhone
		{8405734A-1954-4414-9C4E-7A3DF80FB4C6}.Debug|iPhone.Deploy.0 = Debug|iPhone
		{8405734A-1954-4414-9C4E-7A3DF80FB4C6}.Debug|iPhoneSimulator.ActiveCfg = Debug|iPhoneSimulator
		{8405734A-1954-4414-9C4E-7A3DF80FB4C6}.Debug|iPhoneSimulator.Build.0 = Debug|iPhoneSimulator
		{8405734A-1954-4414-9C4E-7A3DF80FB4C6}.Debug|iPhoneSimulator.Deploy.0 = Debug|iPhoneSimulator
		{8405734A-1954-4414-9C4E-7A3DF80FB4C6}.Debug|x64.ActiveCfg = Debug|iPhone
		{8405734A-1954-4414-9C4E-7A3DF80FB4C6}.Debug|x64.Build.0 = Debug|iPhone
		{8405734A-1954-4414-9C4E-7A3DF80FB4C6}.Debug|x64.Deploy.0 = Debug|iPhone
		{8405734A-1954-4414-9C4E-7A3DF80FB4C6}.Debug|x86.ActiveCfg = Debug|iPhone
		{8405734A-1954-4414-9C4E-7A3DF80FB4C6}.Debug|x86.Build.0 = Debug|iPhone
		{8405734A-1954-4414-9C4E-7A3DF80FB4C6}.Debug|x86.Deploy.0 = Debug|iPhone
		{8405734A-1954-4414-9C4E-7A3DF80FB4C6}.Release|Any CPU.ActiveCfg = Release|iPhone
		{8405734A-1954-4414-9C4E-7A3DF80FB4C6}.Release|Any CPU.Build.0 = Release|iPhone
		{8405734A-1954-4414-9C4E-7A3DF80FB4C6}.Release|Any CPU.Deploy.0 = Release|iPhone
		{8405734A-1954-4414-9C4E-7A3DF80FB4C6}.Release|ARM.ActiveCfg = Release|iPhone
		{8405734A-1954-4414-9C4E-7A3DF80FB4C6}.Release|ARM.Build.0 = Release|iPhone
		{8405734A-1954-4414-9C4E-7A3DF80FB4C6}.Release|ARM.Deploy.0 = Release|iPhone
		{8405734A-1954-4414-9C4E-7A3DF80FB4C6}.Release|iPhone.ActiveCfg = Release|iPhone
		{8405734A-1954-4414-9C4E-7A3DF80FB4C6}.Release|iPhone.Build.0 = Release|iPhone
		{8405734A-1954-4414-9C4E-7A3DF80FB4C6}.Release|iPhone.Deploy.0 = Release|iPhone
		{8405734A-1954-4414-9C4E-7A3DF80FB4C6}.Release|iPhoneSimulator.ActiveCfg = Release|iPhoneSimulator
		{8405734A-1954-4414-9C4E-7A3DF80FB4C6}.Release|iPhoneSimulator.Build.0 = Release|iPhoneSimulator
		{8405734A-1954-4414-9C4E-7A3DF80FB4C6}.Release|iPhoneSimulator.Deploy.0 = Release|iPhoneSimulator
		{8405734A-1954-4414-9C4E-7A3DF80FB4C6}.Release|x64.ActiveCfg = Release|iPhone
		{8405734A-1954-4414-9C4E-7A3DF80FB4C6}.Release|x64.Build.0 = Release|iPhone
		{8405734A-1954-4414-9C4E-7A3DF80FB4C6}.Release|x64.Deploy.0 = Release|iPhone
		{8405734A-1954-4414-9C4E-7A3DF80FB4C6}.Release|x86.ActiveCfg = Release|iPhone
		{8405734A-1954-4414-9C4E-7A3DF80FB4C6}.Release|x86.Build.0 = Release|iPhone
		{8405734A-1954-4414-9C4E-7A3DF80FB4C6}.Release|x86.Deploy.0 = Release|iPhone
		{C8422599-CDB8-4E74-87F4-94FD526B51CD}.Debug|Any CPU.ActiveCfg = Debug|x86
		{C8422599-CDB8-4E74-87F4-94FD526B51CD}.Debug|Any CPU.Build.0 = Debug|x86
		{C8422599-CDB8-4E74-87F4-94FD526B51CD}.Debug|Any CPU.Deploy.0 = Debug|x86
		{C8422599-CDB8-4E74-87F4-94FD526B51CD}.Debug|ARM.ActiveCfg = Debug|ARM
		{C8422599-CDB8-4E74-87F4-94FD526B51CD}.Debug|ARM.Build.0 = Debug|ARM
		{C8422599-CDB8-4E74-87F4-94FD526B51CD}.Debug|ARM.Deploy.0 = Debug|ARM
		{C8422599-CDB8-4E74-87F4-94FD526B51CD}.Debug|iPhone.ActiveCfg = Debug|x86
		{C8422599-CDB8-4E74-87F4-94FD526B51CD}.Debug|iPhone.Build.0 = Debug|x86
		{C8422599-CDB8-4E74-87F4-94FD526B51CD}.Debug|iPhone.Deploy.0 = Debug|x86
		{C8422599-CDB8-4E74-87F4-94FD526B51CD}.Debug|iPhoneSimulator.ActiveCfg = Debug|x86
		{C8422599-CDB8-4E74-87F4-94FD526B51CD}.Debug|iPhoneSimulator.Build.0 = Debug|x86
		{C8422599-CDB8-4E74-87F4-94FD526B51CD}.Debug|iPhoneSimulator.Deploy.0 = Debug|x86
		{C8422599-CDB8-4E74-87F4-94FD526B51CD}.Debug|x64.ActiveCfg = Debug|x64
		{C8422599-CDB8-4E74-87F4-94FD526B51CD}.Debug|x64.Build.0 = Debug|x64
		{C8422599-CDB8-4E74-87F4-94FD526B51CD}.Debug|x64.Deploy.0 = Debug|x64
		{C8422599-CDB8-4E74-87F4-94FD526B51CD}.Debug|x86.ActiveCfg = Debug|x86
		{C8422599-CDB8-4E74-87F4-94FD526B51CD}.Debug|x86.Build.0 = Debug|x86
		{C8422599-CDB8-4E74-87F4-94FD526B51CD}.Debug|x86.Deploy.0 = Debug|x86
		{C8422599-CDB8-4E74-87F4-94FD526B51CD}.Release|Any CPU.ActiveCfg = Release|x86
		{C8422599-CDB8-4E74-87F4-94FD526B51CD}.Release|Any CPU.Build.0 = Release|x86
		{C8422599-CDB8-4E74-87F4-94FD526B51CD}.Release|Any CPU.Deploy.0 = Release|x86
		{C8422599-CDB8-4E74-87F4-94FD526B51CD}.Release|ARM.ActiveCfg = Release|ARM
		{C8422599-CDB8-4E74-87F4-94FD526B51CD}.Release|ARM.Build.0 = Release|ARM
		{C8422599-CDB8-4E74-87F4-94FD526B51CD}.Release|ARM.Deploy.0 = Release|ARM
		{C8422599-CDB8-4E74-87F4-94FD526B51CD}.Release|iPhone.ActiveCfg = Release|x86
		{C8422599-CDB8-4E74-87F4-94FD526B51CD}.Release|iPhone.Build.0 = Release|x86
		{C8422599-CDB8-4E74-87F4-94FD526B51CD}.Release|iPhone.Deploy.0 = Release|x86
		{C8422599-CDB8-4E74-87F4-94FD526B51CD}.Release|iPhoneSimulator.ActiveCfg = Release|x86
		{C8422599-CDB8-4E74-87F4-94FD526B51CD}.Release|iPhoneSimulator.Build.0 = Release|x86
		{C8422599-CDB8-4E74-87F4-94FD526B51CD}.Release|iPhoneSimulator.Deploy.0 = Release|x86
		{C8422599-CDB8-4E74-87F4-94FD526B51CD}.Release|x64.ActiveCfg = Release|x64
		{C8422599-CDB8-4E74-87F4-94FD526B51CD}.Release|x64.Build.0 = Release|x64
		{C8422599-CDB8-4E74-87F4-94FD526B51CD}.Release|x64.Deploy.0 = Release|x64
		{C8422599-CDB8-4E74-87F4-94FD526B51CD}.Release|x86.ActiveCfg = Release|x86
		{C8422599-CDB8-4E74-87F4-94FD526B51CD}.Release|x86.Build.0 = Release|x86
		{C8422599-CDB8-4E74-87F4-94FD526B51CD}.Release|x86.Deploy.0 = Release|x86
		{D7B901E7-9A59-4D0B-8FFF-CD3BB9174488}.Debug|Any CPU.ActiveCfg = Debug|Any CPU
		{D7B901E7-9A59-4D0B-8FFF-CD3BB9174488}.Debug|Any CPU.Build.0 = Debug|Any CPU
		{D7B901E7-9A59-4D0B-8FFF-CD3BB9174488}.Debug|Any CPU.Deploy.0 = Debug|Any CPU
		{D7B901E7-9A59-4D0B-8FFF-CD3BB9174488}.Debug|ARM.ActiveCfg = Debug|Any CPU
		{D7B901E7-9A59-4D0B-8FFF-CD3BB9174488}.Debug|ARM.Build.0 = Debug|Any CPU
		{D7B901E7-9A59-4D0B-8FFF-CD3BB9174488}.Debug|ARM.Deploy.0 = Debug|Any CPU
		{D7B901E7-9A59-4D0B-8FFF-CD3BB9174488}.Debug|iPhone.ActiveCfg = Debug|Any CPU
		{D7B901E7-9A59-4D0B-8FFF-CD3BB9174488}.Debug|iPhone.Build.0 = Debug|Any CPU
		{D7B901E7-9A59-4D0B-8FFF-CD3BB9174488}.Debug|iPhone.Deploy.0 = Debug|Any CPU
		{D7B901E7-9A59-4D0B-8FFF-CD3BB9174488}.Debug|iPhoneSimulator.ActiveCfg = Debug|Any CPU
		{D7B901E7-9A59-4D0B-8FFF-CD3BB9174488}.Debug|iPhoneSimulator.Build.0 = Debug|Any CPU
		{D7B901E7-9A59-4D0B-8FFF-CD3BB9174488}.Debug|iPhoneSimulator.Deploy.0 = Debug|Any CPU
		{D7B901E7-9A59-4D0B-8FFF-CD3BB9174488}.Debug|x64.ActiveCfg = Debug|Any CPU
		{D7B901E7-9A59-4D0B-8FFF-CD3BB9174488}.Debug|x64.Build.0 = Debug|Any CPU
		{D7B901E7-9A59-4D0B-8FFF-CD3BB9174488}.Debug|x64.Deploy.0 = Debug|Any CPU
		{D7B901E7-9A59-4D0B-8FFF-CD3BB9174488}.Debug|x86.ActiveCfg = Debug|Any CPU
		{D7B901E7-9A59-4D0B-8FFF-CD3BB9174488}.Debug|x86.Build.0 = Debug|Any CPU
		{D7B901E7-9A59-4D0B-8FFF-CD3BB9174488}.Debug|x86.Deploy.0 = Debug|Any CPU
		{D7B901E7-9A59-4D0B-8FFF-CD3BB9174488}.Release|Any CPU.ActiveCfg = Release|Any CPU
		{D7B901E7-9A59-4D0B-8FFF-CD3BB9174488}.Release|Any CPU.Build.0 = Release|Any CPU
		{D7B901E7-9A59-4D0B-8FFF-CD3BB9174488}.Release|Any CPU.Deploy.0 = Release|Any CPU
		{D7B901E7-9A59-4D0B-8FFF-CD3BB9174488}.Release|ARM.ActiveCfg = Release|Any CPU
		{D7B901E7-9A59-4D0B-8FFF-CD3BB9174488}.Release|ARM.Build.0 = Release|Any CPU
		{D7B901E7-9A59-4D0B-8FFF-CD3BB9174488}.Release|ARM.Deploy.0 = Release|Any CPU
		{D7B901E7-9A59-4D0B-8FFF-CD3BB9174488}.Release|iPhone.ActiveCfg = Release|Any CPU
		{D7B901E7-9A59-4D0B-8FFF-CD3BB9174488}.Release|iPhone.Build.0 = Release|Any CPU
		{D7B901E7-9A59-4D0B-8FFF-CD3BB9174488}.Release|iPhone.Deploy.0 = Release|Any CPU
		{D7B901E7-9A59-4D0B-8FFF-CD3BB9174488}.Release|iPhoneSimulator.ActiveCfg = Release|Any CPU
		{D7B901E7-9A59-4D0B-8FFF-CD3BB9174488}.Release|iPhoneSimulator.Build.0 = Release|Any CPU
		{D7B901E7-9A59-4D0B-8FFF-CD3BB9174488}.Release|iPhoneSimulator.Deploy.0 = Release|Any CPU
		{D7B901E7-9A59-4D0B-8FFF-CD3BB9174488}.Release|x64.ActiveCfg = Release|Any CPU
		{D7B901E7-9A59-4D0B-8FFF-CD3BB9174488}.Release|x64.Build.0 = Release|Any CPU
		{D7B901E7-9A59-4D0B-8FFF-CD3BB9174488}.Release|x64.Deploy.0 = Release|Any CPU
		{D7B901E7-9A59-4D0B-8FFF-CD3BB9174488}.Release|x86.ActiveCfg = Release|Any CPU
		{D7B901E7-9A59-4D0B-8FFF-CD3BB9174488}.Release|x86.Build.0 = Release|Any CPU
		{D7B901E7-9A59-4D0B-8FFF-CD3BB9174488}.Release|x86.Deploy.0 = Release|Any CPU
	EndGlobalSection
	GlobalSection(SolutionProperties) = preSolution
		HideSolutionNode = FALSE
	EndGlobalSection
	GlobalSection(ExtensibilityGlobals) = postSolution
		SolutionGuid = {04C48B17-B706-4E2E-A560-6B20BC228CE3}
	EndGlobalSection
EndGlobal
